{
  "version": 4,
  "terraform_version": "1.7.5",
  "serial": 48,
  "lineage": "2b83905a-3951-3109-e285-25db2733b4e3",
  "outputs": {
    "alb_dns_name": {
      "value": "wp-final-alb-1657988911.us-east-1.elb.amazonaws.com",
      "type": "string"
    },
    "asg_name": {
      "value": "wp-final-asg",
      "type": "string"
    },
    "cloudwatch_dashboard_url": {
      "value": "https://us-east-1.console.aws.amazon.com/cloudwatch/home?region=us-east-1#dashboards:name=wp-final-dashboard",
      "type": "string"
    },
    "db_check_url": {
      "value": "http://wp-final-alb-1657988911.us-east-1.elb.amazonaws.com/db-health.php",
      "type": "string"
    },
    "ec2_iam_role_name": {
      "value": "LabRole",
      "type": "string"
    },
    "health_check_url": {
      "value": "http://wp-final-alb-1657988911.us-east-1.elb.amazonaws.com/health.html",
      "type": "string"
    },
    "launch_template_id": {
      "value": "lt-079d260e6f4841c88",
      "type": "string"
    },
    "rds_endpoint": {
      "value": "wp-final-mysql.cdc6m8c42ir8.us-east-1.rds.amazonaws.com",
      "type": "string"
    },
    "rds_instance_id": {
      "value": "wp-final-mysql",
      "type": "string"
    },
    "rds_multi_az": {
      "value": true,
      "type": "bool"
    },
    "rds_port": {
      "value": 3306,
      "type": "number"
    },
    "s3_bucket_arn": {
      "value": "arn:aws:s3:::wp-final-media-980808829165",
      "type": "string"
    },
    "s3_bucket_name": {
      "value": "wp-final-media-980808829165",
      "type": "string"
    },
    "s3_bucket_url": {
      "value": "https://wp-final-media-980808829165.s3.us-east-1.amazonaws.com",
      "type": "string"
    },
    "s3_offload_setup_hint": {
      "value": "WordPress Admin → Plugins → WP Offload Media Lite → Bucket: wp-final-media-980808829165 (IAM Role로 자동 인증)",
      "type": "string"
    },
    "security_group_ids": {
      "value": {
        "alb": "sg-0547e2f86c9fd0ff8",
        "rds": "sg-04a8c592eafad89b8",
        "wordpress": "sg-0df92ea4c5d4e45d1"
      },
      "type": [
        "object",
        {
          "alb": "string",
          "rds": "string",
          "wordpress": "string"
        }
      ]
    },
    "selected_subnet_ids": {
      "value": [
        "subnet-0b325a3a157bfff42",
        "subnet-0907c242196e43f14"
      ],
      "type": [
        "tuple",
        [
          "string",
          "string"
        ]
      ]
    },
    "vpc_id": {
      "value": "vpc-099a13dbc423e5700",
      "type": "string"
    },
    "wordpress_url": {
      "value": "http://wp-final-alb-1657988911.us-east-1.elb.amazonaws.com/",
      "type": "string"
    }
  },
  "resources": [
    {
      "mode": "data",
      "type": "aws_caller_identity",
      "name": "current",
      "provider": "provider[\"registry.terraform.io/hashicorp/aws\"]",
      "instances": [
        {
          "schema_version": 0,
          "attributes": {
            "account_id": "980808829165",
            "arn": "arn:aws:sts::980808829165:assumed-role/voclabs/user4886845=_________",
            "id": "980808829165",
            "user_id": "AROA6IXGDBDW3VDSMGKJG:user4886845=_________"
          },
          "sensitive_attributes": []
        }
      ]
    },
    {
      "mode": "data",
      "type": "aws_iam_instance_profile",
      "name": "lab_instance_profile",
      "provider": "provider[\"registry.terraform.io/hashicorp/aws\"]",
      "instances": [
        {
          "schema_version": 0,
          "attributes": {
            "arn": "arn:aws:iam::980808829165:instance-profile/LabInstanceProfile",
            "create_date": "2026-03-09 02:18:19 +0000 UTC",
            "id": "AIPA6IXGDBDWR2O6SS564",
            "name": "LabInstanceProfile",
            "path": "/",
            "role_arn": "arn:aws:iam::980808829165:role/LabRole",
            "role_id": "AROA6IXGDBDWZF6UMP6EB",
            "role_name": "LabRole"
          },
          "sensitive_attributes": []
        }
      ]
    },
    {
      "mode": "data",
      "type": "aws_iam_role",
      "name": "lab_role",
      "provider": "provider[\"registry.terraform.io/hashicorp/aws\"]",
      "instances": [
        {
          "schema_version": 0,
          "attributes": {
            "arn": "arn:aws:iam::980808829165:role/LabRole",
            "assume_role_policy": "{\"Version\":\"2012-10-17\",\"Statement\":[{\"Effect\":\"Allow\",\"Principal\":{\"AWS\":\"arn:aws:iam::980808829165:role/LabRole\",\"Service\":[\"kinesisanalytics.amazonaws.com\",\"kinesis.amazonaws.com\",\"backup.amazonaws.com\",\"cognito-idp.amazonaws.com\",\"rds.amazonaws.com\",\"forecast.amazonaws.com\",\"apigateway.amazonaws.com\",\"events.amazonaws.com\",\"firehose.amazonaws.com\",\"rekognition.amazonaws.com\",\"kms.amazonaws.com\",\"application-autoscaling.amazonaws.com\",\"codecommit.amazonaws.com\",\"iotanalytics.amazonaws.com\",\"elasticfilesystem.amazonaws.com\",\"sns.amazonaws.com\",\"elasticmapreduce.amazonaws.com\",\"ec2.application-autoscaling.amazonaws.com\",\"dynamodb.amazonaws.com\",\"ecs.amazonaws.com\",\"elasticloadbalancing.amazonaws.com\",\"cloudformation.amazonaws.com\",\"deepracer.amazonaws.com\",\"eks-fargate-pods.amazonaws.com\",\"redshift.amazonaws.com\",\"s3.amazonaws.com\",\"ssm.amazonaws.com\",\"secretsmanager.amazonaws.com\",\"sagemaker.amazonaws.com\",\"databrew.amazonaws.com\",\"eks.amazonaws.com\",\"cloud9.amazonaws.com\",\"glue.amazonaws.com\",\"ec2.amazonaws.com\",\"codewhisperer.amazonaws.com\",\"cloudtrail.amazonaws.com\",\"codedeploy.amazonaws.com\",\"iotevents.amazonaws.com\",\"sqs.amazonaws.com\",\"logs.amazonaws.com\",\"ecs-tasks.amazonaws.com\",\"lambda.amazonaws.com\",\"elasticbeanstalk.amazonaws.com\",\"athena.amazonaws.com\",\"iot.amazonaws.com\",\"states.amazonaws.com\",\"scheduler.amazonaws.com\",\"credentials.iot.amazonaws.com\",\"resource-groups.amazonaws.com\",\"servicecatalog.amazonaws.com\",\"batch.amazonaws.com\",\"autoscaling.amazonaws.com\",\"pipes.amazonaws.com\"]},\"Action\":\"sts:AssumeRole\"}]}",
            "create_date": "2026-03-09T02:17:59Z",
            "description": "",
            "id": "LabRole",
            "max_session_duration": 3600,
            "name": "LabRole",
            "path": "/",
            "permissions_boundary": "",
            "role_last_used": [
              {
                "last_used_date": "2026-06-20T04:03:44Z",
                "region": "us-east-1"
              }
            ],
            "tags": {
              "cloudlab": "c200075a5112691l14100063t1w980808829165"
            },
            "unique_id": "AROA6IXGDBDWZF6UMP6EB"
          },
          "sensitive_attributes": []
        }
      ]
    },
    {
      "mode": "data",
      "type": "aws_ssm_parameter",
      "name": "al2023_ami",
      "provider": "provider[\"registry.terraform.io/hashicorp/aws\"]",
      "instances": [
        {
          "schema_version": 0,
          "attributes": {
            "arn": "arn:aws:ssm:us-east-1::parameter/aws/service/ami-amazon-linux-latest/al2023-ami-kernel-default-x86_64",
            "id": "/aws/service/ami-amazon-linux-latest/al2023-ami-kernel-default-x86_64",
            "insecure_value": "ami-0521cb2d60cfbb1a6",
            "name": "/aws/service/ami-amazon-linux-latest/al2023-ami-kernel-default-x86_64",
            "type": "String",
            "value": "ami-0521cb2d60cfbb1a6",
            "version": 173,
            "with_decryption": true
          },
          "sensitive_attributes": []
        }
      ]
    },
    {
      "mode": "data",
      "type": "aws_subnet",
      "name": "default_vpc",
      "provider": "provider[\"registry.terraform.io/hashicorp/aws\"]",
      "instances": [
        {
          "index_key": "subnet-063f9ccf5facc7d21",
          "schema_version": 0,
          "attributes": {
            "arn": "arn:aws:ec2:us-east-1:980808829165:subnet/subnet-063f9ccf5facc7d21",
            "assign_ipv6_address_on_creation": false,
            "availability_zone": "us-east-1f",
            "availability_zone_id": "use1-az5",
            "available_ip_address_count": 4091,
            "cidr_block": "172.31.64.0/20",
            "customer_owned_ipv4_pool": "",
            "default_for_az": true,
            "enable_dns64": false,
            "enable_lni_at_device_index": 0,
            "enable_resource_name_dns_a_record_on_launch": false,
            "enable_resource_name_dns_aaaa_record_on_launch": false,
            "filter": null,
            "id": "subnet-063f9ccf5facc7d21",
            "ipv6_cidr_block": "",
            "ipv6_cidr_block_association_id": "",
            "ipv6_native": false,
            "map_customer_owned_ip_on_launch": false,
            "map_public_ip_on_launch": true,
            "outpost_arn": "",
            "owner_id": "980808829165",
            "private_dns_hostname_type_on_launch": "ip-name",
            "state": "available",
            "tags": {},
            "timeouts": null,
            "vpc_id": "vpc-099a13dbc423e5700"
          },
          "sensitive_attributes": []
        },
        {
          "index_key": "subnet-0907c242196e43f14",
          "schema_version": 0,
          "attributes": {
            "arn": "arn:aws:ec2:us-east-1:980808829165:subnet/subnet-0907c242196e43f14",
            "assign_ipv6_address_on_creation": false,
            "availability_zone": "us-east-1b",
            "availability_zone_id": "use1-az2",
            "available_ip_address_count": 4088,
            "cidr_block": "172.31.80.0/20",
            "customer_owned_ipv4_pool": "",
            "default_for_az": true,
            "enable_dns64": false,
            "enable_lni_at_device_index": 0,
            "enable_resource_name_dns_a_record_on_launch": false,
            "enable_resource_name_dns_aaaa_record_on_launch": false,
            "filter": null,
            "id": "subnet-0907c242196e43f14",
            "ipv6_cidr_block": "",
            "ipv6_cidr_block_association_id": "",
            "ipv6_native": false,
            "map_customer_owned_ip_on_launch": false,
            "map_public_ip_on_launch": true,
            "outpost_arn": "",
            "owner_id": "980808829165",
            "private_dns_hostname_type_on_launch": "ip-name",
            "state": "available",
            "tags": {},
            "timeouts": null,
            "vpc_id": "vpc-099a13dbc423e5700"
          },
          "sensitive_attributes": []
        },
        {
          "index_key": "subnet-090b0320b9f8cd3d8",
          "schema_version": 0,
          "attributes": {
            "arn": "arn:aws:ec2:us-east-1:980808829165:subnet/subnet-090b0320b9f8cd3d8",
            "assign_ipv6_address_on_creation": false,
            "availability_zone": "us-east-1e",
            "availability_zone_id": "use1-az3",
            "available_ip_address_count": 4091,
            "cidr_block": "172.31.48.0/20",
            "customer_owned_ipv4_pool": "",
            "default_for_az": true,
            "enable_dns64": false,
            "enable_lni_at_device_index": 0,
            "enable_resource_name_dns_a_record_on_launch": false,
            "enable_resource_name_dns_aaaa_record_on_launch": false,
            "filter": null,
            "id": "subnet-090b0320b9f8cd3d8",
            "ipv6_cidr_block": "",
            "ipv6_cidr_block_association_id": "",
            "ipv6_native": false,
            "map_customer_owned_ip_on_launch": false,
            "map_public_ip_on_launch": true,
            "outpost_arn": "",
            "owner_id": "980808829165",
            "private_dns_hostname_type_on_launch": "ip-name",
            "state": "available",
            "tags": {},
            "timeouts": null,
            "vpc_id": "vpc-099a13dbc423e5700"
          },
          "sensitive_attributes": []
        },
        {
          "index_key": "subnet-0b325a3a157bfff42",
          "schema_version": 0,
          "attributes": {
            "arn": "arn:aws:ec2:us-east-1:980808829165:subnet/subnet-0b325a3a157bfff42",
            "assign_ipv6_address_on_creation": false,
            "availability_zone": "us-east-1a",
            "availability_zone_id": "use1-az1",
            "available_ip_address_count": 4088,
            "cidr_block": "172.31.0.0/20",
            "customer_owned_ipv4_pool": "",
            "default_for_az": true,
            "enable_dns64": false,
            "enable_lni_at_device_index": 0,
            "enable_resource_name_dns_a_record_on_launch": false,
            "enable_resource_name_dns_aaaa_record_on_launch": false,
            "filter": null,
            "id": "subnet-0b325a3a157bfff42",
            "ipv6_cidr_block": "",
            "ipv6_cidr_block_association_id": "",
            "ipv6_native": false,
            "map_customer_owned_ip_on_launch": false,
            "map_public_ip_on_launch": true,
            "outpost_arn": "",
            "owner_id": "980808829165",
            "private_dns_hostname_type_on_launch": "ip-name",
            "state": "available",
            "tags": {},
            "timeouts": null,
            "vpc_id": "vpc-099a13dbc423e5700"
          },
          "sensitive_attributes": []
        },
        {
          "index_key": "subnet-0ce5188ddee11adfe",
          "schema_version": 0,
          "attributes": {
            "arn": "arn:aws:ec2:us-east-1:980808829165:subnet/subnet-0ce5188ddee11adfe",
            "assign_ipv6_address_on_creation": false,
            "availability_zone": "us-east-1d",
            "availability_zone_id": "use1-az6",
            "available_ip_address_count": 4091,
            "cidr_block": "172.31.32.0/20",
            "customer_owned_ipv4_pool": "",
            "default_for_az": true,
            "enable_dns64": false,
            "enable_lni_at_device_index": 0,
            "enable_resource_name_dns_a_record_on_launch": false,
            "enable_resource_name_dns_aaaa_record_on_launch": false,
            "filter": null,
            "id": "subnet-0ce5188ddee11adfe",
            "ipv6_cidr_block": "",
            "ipv6_cidr_block_association_id": "",
            "ipv6_native": false,
            "map_customer_owned_ip_on_launch": false,
            "map_public_ip_on_launch": true,
            "outpost_arn": "",
            "owner_id": "980808829165",
            "private_dns_hostname_type_on_launch": "ip-name",
            "state": "available",
            "tags": {},
            "timeouts": null,
            "vpc_id": "vpc-099a13dbc423e5700"
          },
          "sensitive_attributes": []
        },
        {
          "index_key": "subnet-0eb7510f45442d602",
          "schema_version": 0,
          "attributes": {
            "arn": "arn:aws:ec2:us-east-1:980808829165:subnet/subnet-0eb7510f45442d602",
            "assign_ipv6_address_on_creation": false,
            "availability_zone": "us-east-1c",
            "availability_zone_id": "use1-az4",
            "available_ip_address_count": 4091,
            "cidr_block": "172.31.16.0/20",
            "customer_owned_ipv4_pool": "",
            "default_for_az": true,
            "enable_dns64": false,
            "enable_lni_at_device_index": 0,
            "enable_resource_name_dns_a_record_on_launch": false,
            "enable_resource_name_dns_aaaa_record_on_launch": false,
            "filter": null,
            "id": "subnet-0eb7510f45442d602",
            "ipv6_cidr_block": "",
            "ipv6_cidr_block_association_id": "",
            "ipv6_native": false,
            "map_customer_owned_ip_on_launch": false,
            "map_public_ip_on_launch": true,
            "outpost_arn": "",
            "owner_id": "980808829165",
            "private_dns_hostname_type_on_launch": "ip-name",
            "state": "available",
            "tags": {},
            "timeouts": null,
            "vpc_id": "vpc-099a13dbc423e5700"
          },
          "sensitive_attributes": []
        }
      ]
    },
    {
      "mode": "data",
      "type": "aws_subnets",
      "name": "default_vpc",
      "provider": "provider[\"registry.terraform.io/hashicorp/aws\"]",
      "instances": [
        {
          "schema_version": 0,
          "attributes": {
            "filter": [
              {
                "name": "vpc-id",
                "values": [
                  "vpc-099a13dbc423e5700"
                ]
              }
            ],
            "id": "us-east-1",
            "ids": [
              "subnet-090b0320b9f8cd3d8",
              "subnet-0ce5188ddee11adfe",
              "subnet-0b325a3a157bfff42",
              "subnet-063f9ccf5facc7d21",
              "subnet-0907c242196e43f14",
              "subnet-0eb7510f45442d602"
            ],
            "tags": null,
            "timeouts": null
          },
          "sensitive_attributes": []
        }
      ]
    },
    {
      "mode": "data",
      "type": "aws_vpc",
      "name": "default",
      "provider": "provider[\"registry.terraform.io/hashicorp/aws\"]",
      "instances": [
        {
          "schema_version": 0,
          "attributes": {
            "arn": "arn:aws:ec2:us-east-1:980808829165:vpc/vpc-099a13dbc423e5700",
            "cidr_block": "172.31.0.0/16",
            "cidr_block_associations": [
              {
                "association_id": "vpc-cidr-assoc-0807ae5b77660fd35",
                "cidr_block": "172.31.0.0/16",
                "state": "associated"
              }
            ],
            "default": true,
            "dhcp_options_id": "dopt-0523200d60c2bb011",
            "enable_dns_hostnames": true,
            "enable_dns_support": true,
            "enable_network_address_usage_metrics": false,
            "filter": null,
            "id": "vpc-099a13dbc423e5700",
            "instance_tenancy": "default",
            "ipv6_association_id": "",
            "ipv6_cidr_block": "",
            "main_route_table_id": "rtb-057aabcec3c32a0f4",
            "owner_id": "980808829165",
            "state": null,
            "tags": {},
            "timeouts": null
          },
          "sensitive_attributes": []
        }
      ]
    },
    {
      "mode": "managed",
      "type": "aws_autoscaling_group",
      "name": "wordpress",
      "provider": "provider[\"registry.terraform.io/hashicorp/aws\"]",
      "instances": [
        {
          "schema_version": 1,
          "attributes": {
            "arn": "arn:aws:autoscaling:us-east-1:980808829165:autoScalingGroup:7c1dd48b-407b-4f94-b757-2311f46ab799:autoScalingGroupName/wp-final-asg",
            "availability_zone_distribution": [
              {
                "capacity_distribution_strategy": "balanced-best-effort"
              }
            ],
            "availability_zones": [
              "us-east-1a",
              "us-east-1b"
            ],
            "capacity_rebalance": false,
            "capacity_reservation_specification": [
              {
                "capacity_reservation_preference": "default",
                "capacity_reservation_target": []
              }
            ],
            "context": "",
            "default_cooldown": 300,
            "default_instance_warmup": 0,
            "desired_capacity": 2,
            "desired_capacity_type": "",
            "enabled_metrics": [],
            "force_delete": false,
            "force_delete_warm_pool": false,
            "health_check_grace_period": 300,
            "health_check_type": "ELB",
            "id": "wp-final-asg",
            "ignore_failed_scaling_activities": false,
            "initial_lifecycle_hook": [],
            "instance_maintenance_policy": [],
            "instance_refresh": [],
            "launch_configuration": "",
            "launch_template": [
              {
                "id": "lt-079d260e6f4841c88",
                "name": "wp-final-lt-20260620040255898800000001",
                "version": "$Latest"
              }
            ],
            "load_balancers": [],
            "max_instance_lifetime": 0,
            "max_size": 3,
            "metrics_granularity": "1Minute",
            "min_elb_capacity": null,
            "min_size": 1,
            "mixed_instances_policy": [],
            "name": "wp-final-asg",
            "name_prefix": "",
            "placement_group": "",
            "predicted_capacity": 0,
            "protect_from_scale_in": false,
            "service_linked_role_arn": "arn:aws:iam::980808829165:role/aws-service-role/autoscaling.amazonaws.com/AWSServiceRoleForAutoScaling",
            "suspended_processes": [],
            "tag": [
              {
                "key": "Course",
                "propagate_at_launch": true,
                "value": "cloud-computing-aws"
              },
              {
                "key": "Name",
                "propagate_at_launch": true,
                "value": "wp-final-wordpress"
              },
              {
                "key": "Project",
                "propagate_at_launch": true,
                "value": "final-wordpress-ha-s3"
              }
            ],
            "target_group_arns": [
              "arn:aws:elasticloadbalancing:us-east-1:980808829165:targetgroup/wp-final-tg/31fc3510a2a68010"
            ],
            "termination_policies": [],
            "timeouts": null,
            "traffic_source": [
              {
                "identifier": "arn:aws:elasticloadbalancing:us-east-1:980808829165:targetgroup/wp-final-tg/31fc3510a2a68010",
                "type": "elbv2"
              }
            ],
            "vpc_zone_identifier": [
              "subnet-0907c242196e43f14",
              "subnet-0b325a3a157bfff42"
            ],
            "wait_for_capacity_timeout": "10m",
            "wait_for_elb_capacity": null,
            "warm_pool": [],
            "warm_pool_size": 0
          },
          "sensitive_attributes": [],
          "private": "eyJlMmJmYjczMC1lY2FhLTExZTYtOGY4OC0zNDM2M2JjN2M0YzAiOnsiZGVsZXRlIjo2MDAwMDAwMDAwMDAsInVwZGF0ZSI6NjAwMDAwMDAwMDAwfSwic2NoZW1hX3ZlcnNpb24iOiIxIn0=",
          "dependencies": [
            "aws_db_instance.wordpress",
            "aws_db_subnet_group.wordpress",
            "aws_launch_template.wordpress",
            "aws_lb.wordpress",
            "aws_lb_target_group.wordpress",
            "aws_s3_bucket.wordpress_media",
            "aws_security_group.alb",
            "aws_security_group.rds",
            "aws_security_group.wordpress",
            "data.aws_caller_identity.current",
            "data.aws_iam_instance_profile.lab_instance_profile",
            "data.aws_ssm_parameter.al2023_ami",
            "data.aws_subnet.default_vpc",
            "data.aws_subnets.default_vpc",
            "data.aws_vpc.default"
          ],
          "create_before_destroy": true
        }
      ]
    },
    {
      "mode": "managed",
      "type": "aws_autoscaling_policy",
      "name": "scale_in",
      "provider": "provider[\"registry.terraform.io/hashicorp/aws\"]",
      "instances": [
        {
          "schema_version": 0,
          "attributes": {
            "adjustment_type": "ChangeInCapacity",
            "arn": "arn:aws:autoscaling:us-east-1:980808829165:scalingPolicy:1aea471c-887b-4cc7-b4fe-4007fb7853f5:autoScalingGroupName/wp-final-asg:policyName/wp-final-scale-in",
            "autoscaling_group_name": "wp-final-asg",
            "cooldown": 300,
            "enabled": true,
            "estimated_instance_warmup": 0,
            "id": "wp-final-scale-in",
            "metric_aggregation_type": "",
            "min_adjustment_magnitude": 0,
            "name": "wp-final-scale-in",
            "policy_type": "SimpleScaling",
            "predictive_scaling_configuration": [],
            "scaling_adjustment": -1,
            "step_adjustment": [],
            "target_tracking_configuration": []
          },
          "sensitive_attributes": [],
          "private": "bnVsbA==",
          "dependencies": [
            "aws_autoscaling_group.wordpress",
            "aws_db_instance.wordpress",
            "aws_db_subnet_group.wordpress",
            "aws_launch_template.wordpress",
            "aws_lb.wordpress",
            "aws_lb_target_group.wordpress",
            "aws_s3_bucket.wordpress_media",
            "aws_security_group.alb",
            "aws_security_group.rds",
            "aws_security_group.wordpress",
            "data.aws_caller_identity.current",
            "data.aws_iam_instance_profile.lab_instance_profile",
            "data.aws_ssm_parameter.al2023_ami",
            "data.aws_subnet.default_vpc",
            "data.aws_subnets.default_vpc",
            "data.aws_vpc.default"
          ]
        }
      ]
    },
    {
      "mode": "managed",
      "type": "aws_autoscaling_policy",
      "name": "scale_out",
      "provider": "provider[\"registry.terraform.io/hashicorp/aws\"]",
      "instances": [
        {
          "schema_version": 0,
          "attributes": {
            "adjustment_type": "ChangeInCapacity",
            "arn": "arn:aws:autoscaling:us-east-1:980808829165:scalingPolicy:9a8c1e56-8cd7-4cce-8abb-46c632e592a4:autoScalingGroupName/wp-final-asg:policyName/wp-final-scale-out",
            "autoscaling_group_name": "wp-final-asg",
            "cooldown": 300,
            "enabled": true,
            "estimated_instance_warmup": 0,
            "id": "wp-final-scale-out",
            "metric_aggregation_type": "",
            "min_adjustment_magnitude": 0,
            "name": "wp-final-scale-out",
            "policy_type": "SimpleScaling",
            "predictive_scaling_configuration": [],
            "scaling_adjustment": 1,
            "step_adjustment": [],
            "target_tracking_configuration": []
          },
          "sensitive_attributes": [],
          "private": "bnVsbA==",
          "dependencies": [
            "aws_autoscaling_group.wordpress",
            "aws_db_instance.wordpress",
            "aws_db_subnet_group.wordpress",
            "aws_launch_template.wordpress",
            "aws_lb.wordpress",
            "aws_lb_target_group.wordpress",
            "aws_s3_bucket.wordpress_media",
            "aws_security_group.alb",
            "aws_security_group.rds",
            "aws_security_group.wordpress",
            "data.aws_caller_identity.current",
            "data.aws_iam_instance_profile.lab_instance_profile",
            "data.aws_ssm_parameter.al2023_ami",
            "data.aws_subnet.default_vpc",
            "data.aws_subnets.default_vpc",
            "data.aws_vpc.default"
          ]
        }
      ]
    },
    {
      "mode": "managed",
      "type": "aws_cloudwatch_dashboard",
      "name": "wordpress",
      "provider": "provider[\"registry.terraform.io/hashicorp/aws\"]",
      "instances": [
        {
          "schema_version": 0,
          "attributes": {
            "dashboard_arn": "arn:aws:cloudwatch::980808829165:dashboard/wp-final-dashboard",
            "dashboard_body": "{\"widgets\":[{\"height\":1,\"properties\":{\"markdown\":\"# WordPress HA + S3 — Final Project Dashboard\"},\"type\":\"text\",\"width\":24,\"x\":0,\"y\":0},{\"height\":6,\"properties\":{\"annotations\":{\"horizontal\":[{\"color\":\"#ff6961\",\"label\":\"Scale-out threshold\",\"value\":70},{\"color\":\"#77dd77\",\"label\":\"Scale-in threshold\",\"value\":30}]},\"metrics\":[[\"AWS/EC2\",\"CPUUtilization\",\"AutoScalingGroupName\",\"wp-final-asg\"]],\"period\":60,\"region\":\"us-east-1\",\"stat\":\"Average\",\"title\":\"EC2 CPU Utilization (ASG)\",\"view\":\"timeSeries\"},\"type\":\"metric\",\"width\":12,\"x\":0,\"y\":1},{\"height\":6,\"properties\":{\"annotations\":{\"horizontal\":[]},\"metrics\":[[\"AWS/ApplicationELB\",\"RequestCount\",\"LoadBalancer\",\"app/wp-final-alb/7834b39e8b86d1e3\",{\"label\":\"RequestCount\",\"stat\":\"Sum\"}],[\"AWS/ApplicationELB\",\"TargetResponseTime\",\"LoadBalancer\",\"app/wp-final-alb/7834b39e8b86d1e3\",{\"label\":\"ResponseTime (avg)\",\"stat\":\"Average\",\"yAxis\":\"right\"}]],\"period\":60,\"region\":\"us-east-1\",\"title\":\"ALB Request Count \u0026 Response Time\",\"view\":\"timeSeries\"},\"type\":\"metric\",\"width\":12,\"x\":12,\"y\":1},{\"height\":6,\"properties\":{\"annotations\":{\"horizontal\":[]},\"metrics\":[[\"AWS/AutoScaling\",\"GroupDesiredCapacity\",\"AutoScalingGroupName\",\"wp-final-asg\",{\"label\":\"Desired\"}],[\"AWS/AutoScaling\",\"GroupInServiceInstances\",\"AutoScalingGroupName\",\"wp-final-asg\",{\"label\":\"InService\"}]],\"period\":60,\"region\":\"us-east-1\",\"stat\":\"Average\",\"title\":\"ASG Instance Count\",\"view\":\"timeSeries\"},\"type\":\"metric\",\"width\":12,\"x\":0,\"y\":7},{\"height\":6,\"properties\":{\"annotations\":{\"horizontal\":[]},\"metrics\":[[\"AWS/RDS\",\"CPUUtilization\",\"DBInstanceIdentifier\",\"wp-final-mysql\",{\"label\":\"CPU %\",\"stat\":\"Average\"}],[\"AWS/RDS\",\"DatabaseConnections\",\"DBInstanceIdentifier\",\"wp-final-mysql\",{\"label\":\"Connections\",\"stat\":\"Average\",\"yAxis\":\"right\"}]],\"period\":60,\"region\":\"us-east-1\",\"title\":\"RDS CPU \u0026 DB Connections\",\"view\":\"timeSeries\"},\"type\":\"metric\",\"width\":12,\"x\":12,\"y\":7},{\"height\":6,\"properties\":{\"annotations\":{\"horizontal\":[]},\"metrics\":[[\"AWS/RDS\",\"FreeStorageSpace\",\"DBInstanceIdentifier\",\"wp-final-mysql\"]],\"period\":300,\"region\":\"us-east-1\",\"stat\":\"Average\",\"title\":\"RDS Free Storage Space\",\"view\":\"timeSeries\"},\"type\":\"metric\",\"width\":12,\"x\":0,\"y\":13},{\"height\":6,\"properties\":{\"annotations\":{\"horizontal\":[]},\"metrics\":[[\"AWS/ApplicationELB\",\"HealthyHostCount\",\"TargetGroup\",\"targetgroup/wp-final-tg/31fc3510a2a68010\",\"LoadBalancer\",\"app/wp-final-alb/7834b39e8b86d1e3\"]],\"period\":60,\"region\":\"us-east-1\",\"stat\":\"Average\",\"title\":\"ALB Healthy Host Count\",\"view\":\"timeSeries\"},\"type\":\"metric\",\"width\":12,\"x\":12,\"y\":13},{\"height\":6,\"properties\":{\"annotations\":{\"horizontal\":[]},\"metrics\":[[\"AWS/S3\",\"NumberOfObjects\",\"BucketName\",\"wp-final-media-980808829165\",\"StorageType\",\"AllStorageTypes\",{\"label\":\"Object Count\",\"stat\":\"Average\"}],[\"AWS/S3\",\"BucketSizeBytes\",\"BucketName\",\"wp-final-media-980808829165\",\"StorageType\",\"StandardStorage\",{\"label\":\"Bucket Size (bytes)\",\"stat\":\"Average\",\"yAxis\":\"right\"}]],\"period\":300,\"region\":\"us-east-1\",\"title\":\"S3 Bucket — Object Count \u0026 Size\",\"view\":\"timeSeries\"},\"type\":\"metric\",\"width\":24,\"x\":0,\"y\":19}]}",
            "dashboard_name": "wp-final-dashboard",
            "id": "wp-final-dashboard"
          },
          "sensitive_attributes": [],
          "private": "bnVsbA==",
          "dependencies": [
            "aws_autoscaling_group.wordpress",
            "aws_db_instance.wordpress",
            "aws_db_subnet_group.wordpress",
            "aws_launch_template.wordpress",
            "aws_lb.wordpress",
            "aws_lb_target_group.wordpress",
            "aws_s3_bucket.wordpress_media",
            "aws_security_group.alb",
            "aws_security_group.rds",
            "aws_security_group.wordpress",
            "data.aws_caller_identity.current",
            "data.aws_iam_instance_profile.lab_instance_profile",
            "data.aws_ssm_parameter.al2023_ami",
            "data.aws_subnet.default_vpc",
            "data.aws_subnets.default_vpc",
            "data.aws_vpc.default"
          ]
        }
      ]
    },
    {
      "mode": "managed",
      "type": "aws_cloudwatch_metric_alarm",
      "name": "cpu_high",
      "provider": "provider[\"registry.terraform.io/hashicorp/aws\"]",
      "instances": [
        {
          "schema_version": 1,
          "attributes": {
            "actions_enabled": true,
            "alarm_actions": [
              "arn:aws:autoscaling:us-east-1:980808829165:scalingPolicy:9a8c1e56-8cd7-4cce-8abb-46c632e592a4:autoScalingGroupName/wp-final-asg:policyName/wp-final-scale-out"
            ],
            "alarm_description": "Scale out when CPU \u003e 70% for 4 minutes",
            "alarm_name": "wp-final-cpu-high",
            "arn": "arn:aws:cloudwatch:us-east-1:980808829165:alarm:wp-final-cpu-high",
            "comparison_operator": "GreaterThanThreshold",
            "datapoints_to_alarm": 0,
            "dimensions": {
              "AutoScalingGroupName": "wp-final-asg"
            },
            "evaluate_low_sample_count_percentiles": "",
            "evaluation_periods": 2,
            "extended_statistic": "",
            "id": "wp-final-cpu-high",
            "insufficient_data_actions": [],
            "metric_name": "CPUUtilization",
            "metric_query": [],
            "namespace": "AWS/EC2",
            "ok_actions": [],
            "period": 120,
            "statistic": "Average",
            "tags": {},
            "tags_all": {},
            "threshold": 70,
            "threshold_metric_id": "",
            "treat_missing_data": "missing",
            "unit": ""
          },
          "sensitive_attributes": [],
          "private": "eyJzY2hlbWFfdmVyc2lvbiI6IjEifQ==",
          "dependencies": [
            "aws_autoscaling_group.wordpress",
            "aws_autoscaling_policy.scale_out",
            "aws_db_instance.wordpress",
            "aws_db_subnet_group.wordpress",
            "aws_launch_template.wordpress",
            "aws_lb.wordpress",
            "aws_lb_target_group.wordpress",
            "aws_s3_bucket.wordpress_media",
            "aws_security_group.alb",
            "aws_security_group.rds",
            "aws_security_group.wordpress",
            "data.aws_caller_identity.current",
            "data.aws_iam_instance_profile.lab_instance_profile",
            "data.aws_ssm_parameter.al2023_ami",
            "data.aws_subnet.default_vpc",
            "data.aws_subnets.default_vpc",
            "data.aws_vpc.default"
          ]
        }
      ]
    },
    {
      "mode": "managed",
      "type": "aws_cloudwatch_metric_alarm",
      "name": "cpu_low",
      "provider": "provider[\"registry.terraform.io/hashicorp/aws\"]",
      "instances": [
        {
          "schema_version": 1,
          "attributes": {
            "actions_enabled": true,
            "alarm_actions": [
              "arn:aws:autoscaling:us-east-1:980808829165:scalingPolicy:1aea471c-887b-4cc7-b4fe-4007fb7853f5:autoScalingGroupName/wp-final-asg:policyName/wp-final-scale-in"
            ],
            "alarm_description": "Scale in when CPU \u003c 30% for 4 minutes",
            "alarm_name": "wp-final-cpu-low",
            "arn": "arn:aws:cloudwatch:us-east-1:980808829165:alarm:wp-final-cpu-low",
            "comparison_operator": "LessThanThreshold",
            "datapoints_to_alarm": 0,
            "dimensions": {
              "AutoScalingGroupName": "wp-final-asg"
            },
            "evaluate_low_sample_count_percentiles": "",
            "evaluation_periods": 2,
            "extended_statistic": "",
            "id": "wp-final-cpu-low",
            "insufficient_data_actions": [],
            "metric_name": "CPUUtilization",
            "metric_query": [],
            "namespace": "AWS/EC2",
            "ok_actions": [],
            "period": 120,
            "statistic": "Average",
            "tags": {},
            "tags_all": {},
            "threshold": 30,
            "threshold_metric_id": "",
            "treat_missing_data": "missing",
            "unit": ""
          },
          "sensitive_attributes": [],
          "private": "eyJzY2hlbWFfdmVyc2lvbiI6IjEifQ==",
          "dependencies": [
            "aws_autoscaling_group.wordpress",
            "aws_autoscaling_policy.scale_in",
            "aws_db_instance.wordpress",
            "aws_db_subnet_group.wordpress",
            "aws_launch_template.wordpress",
            "aws_lb.wordpress",
            "aws_lb_target_group.wordpress",
            "aws_s3_bucket.wordpress_media",
            "aws_security_group.alb",
            "aws_security_group.rds",
            "aws_security_group.wordpress",
            "data.aws_caller_identity.current",
            "data.aws_iam_instance_profile.lab_instance_profile",
            "data.aws_ssm_parameter.al2023_ami",
            "data.aws_subnet.default_vpc",
            "data.aws_subnets.default_vpc",
            "data.aws_vpc.default"
          ]
        }
      ]
    },
    {
      "mode": "managed",
      "type": "aws_cloudwatch_metric_alarm",
      "name": "rds_cpu_high",
      "provider": "provider[\"registry.terraform.io/hashicorp/aws\"]",
      "instances": [
        {
          "schema_version": 1,
          "attributes": {
            "actions_enabled": true,
            "alarm_actions": [],
            "alarm_description": "RDS CPU \u003e 80% — investigate slow queries",
            "alarm_name": "wp-final-rds-cpu-high",
            "arn": "arn:aws:cloudwatch:us-east-1:980808829165:alarm:wp-final-rds-cpu-high",
            "comparison_operator": "GreaterThanThreshold",
            "datapoints_to_alarm": 0,
            "dimensions": {
              "DBInstanceIdentifier": "wp-final-mysql"
            },
            "evaluate_low_sample_count_percentiles": "",
            "evaluation_periods": 2,
            "extended_statistic": "",
            "id": "wp-final-rds-cpu-high",
            "insufficient_data_actions": [],
            "metric_name": "CPUUtilization",
            "metric_query": [],
            "namespace": "AWS/RDS",
            "ok_actions": [],
            "period": 120,
            "statistic": "Average",
            "tags": {},
            "tags_all": {},
            "threshold": 80,
            "threshold_metric_id": "",
            "treat_missing_data": "missing",
            "unit": ""
          },
          "sensitive_attributes": [],
          "private": "eyJzY2hlbWFfdmVyc2lvbiI6IjEifQ==",
          "dependencies": [
            "aws_db_instance.wordpress",
            "aws_db_subnet_group.wordpress",
            "aws_security_group.alb",
            "aws_security_group.rds",
            "aws_security_group.wordpress",
            "data.aws_subnet.default_vpc",
            "data.aws_subnets.default_vpc",
            "data.aws_vpc.default"
          ]
        }
      ]
    },
    {
      "mode": "managed",
      "type": "aws_cloudwatch_metric_alarm",
      "name": "rds_storage_low",
      "provider": "provider[\"registry.terraform.io/hashicorp/aws\"]",
      "instances": [
        {
          "schema_version": 1,
          "attributes": {
            "actions_enabled": true,
            "alarm_actions": [],
            "alarm_description": "RDS free storage \u003c 2 GiB",
            "alarm_name": "wp-final-rds-storage-low",
            "arn": "arn:aws:cloudwatch:us-east-1:980808829165:alarm:wp-final-rds-storage-low",
            "comparison_operator": "LessThanThreshold",
            "datapoints_to_alarm": 0,
            "dimensions": {
              "DBInstanceIdentifier": "wp-final-mysql"
            },
            "evaluate_low_sample_count_percentiles": "",
            "evaluation_periods": 1,
            "extended_statistic": "",
            "id": "wp-final-rds-storage-low",
            "insufficient_data_actions": [],
            "metric_name": "FreeStorageSpace",
            "metric_query": [],
            "namespace": "AWS/RDS",
            "ok_actions": [],
            "period": 300,
            "statistic": "Average",
            "tags": {},
            "tags_all": {},
            "threshold": 2147483648,
            "threshold_metric_id": "",
            "treat_missing_data": "missing",
            "unit": ""
          },
          "sensitive_attributes": [],
          "private": "eyJzY2hlbWFfdmVyc2lvbiI6IjEifQ==",
          "dependencies": [
            "aws_db_instance.wordpress",
            "aws_db_subnet_group.wordpress",
            "aws_security_group.alb",
            "aws_security_group.rds",
            "aws_security_group.wordpress",
            "data.aws_subnet.default_vpc",
            "data.aws_subnets.default_vpc",
            "data.aws_vpc.default"
          ]
        }
      ]
    },
    {
      "mode": "managed",
      "type": "aws_db_instance",
      "name": "wordpress",
      "provider": "provider[\"registry.terraform.io/hashicorp/aws\"]",
      "instances": [
        {
          "schema_version": 2,
          "attributes": {
            "address": "wp-final-mysql.cdc6m8c42ir8.us-east-1.rds.amazonaws.com",
            "allocated_storage": 20,
            "allow_major_version_upgrade": null,
            "apply_immediately": true,
            "arn": "arn:aws:rds:us-east-1:980808829165:db:wp-final-mysql",
            "auto_minor_version_upgrade": true,
            "availability_zone": "us-east-1b",
            "backup_retention_period": 1,
            "backup_target": "region",
            "backup_window": "06:19-06:49",
            "blue_green_update": [],
            "ca_cert_identifier": "rds-ca-rsa2048-g1",
            "character_set_name": "",
            "copy_tags_to_snapshot": false,
            "custom_iam_instance_profile": "",
            "customer_owned_ip_enabled": false,
            "database_insights_mode": "standard",
            "db_name": "wordpressdb",
            "db_subnet_group_name": "wp-final-db-subnets",
            "dedicated_log_volume": false,
            "delete_automated_backups": true,
            "deletion_protection": false,
            "domain": "",
            "domain_auth_secret_arn": "",
            "domain_dns_ips": [],
            "domain_fqdn": "",
            "domain_iam_role_name": "",
            "domain_ou": "",
            "enabled_cloudwatch_logs_exports": [],
            "endpoint": "wp-final-mysql.cdc6m8c42ir8.us-east-1.rds.amazonaws.com:3306",
            "engine": "mysql",
            "engine_lifecycle_support": "open-source-rds-extended-support",
            "engine_version": "8.0",
            "engine_version_actual": "8.0.45",
            "final_snapshot_identifier": null,
            "hosted_zone_id": "Z2R2ITUGPM61AM",
            "iam_database_authentication_enabled": false,
            "id": "db-VJA4IMTR2S5Q4VWVAGI6KPGT5E",
            "identifier": "wp-final-mysql",
            "identifier_prefix": "",
            "instance_class": "db.t3.micro",
            "iops": 0,
            "kms_key_id": "",
            "latest_restorable_time": "2026-06-20T04:06:20Z",
            "license_model": "general-public-license",
            "listener_endpoint": [],
            "maintenance_window": "sat:09:31-sat:10:01",
            "manage_master_user_password": null,
            "master_user_secret": [],
            "master_user_secret_kms_key_id": null,
            "max_allocated_storage": 0,
            "monitoring_interval": 0,
            "monitoring_role_arn": "",
            "multi_az": true,
            "nchar_character_set_name": "",
            "network_type": "IPV4",
            "option_group_name": "default:mysql-8-0",
            "parameter_group_name": "default.mysql8.0",
            "password": "WpLabPass123!",
            "password_wo": null,
            "password_wo_version": null,
            "performance_insights_enabled": false,
            "performance_insights_kms_key_id": "",
            "performance_insights_retention_period": 0,
            "port": 3306,
            "publicly_accessible": false,
            "replica_mode": "",
            "replicas": [],
            "replicate_source_db": "",
            "resource_id": "db-VJA4IMTR2S5Q4VWVAGI6KPGT5E",
            "restore_to_point_in_time": [],
            "s3_import": [],
            "skip_final_snapshot": true,
            "snapshot_identifier": null,
            "status": "available",
            "storage_encrypted": false,
            "storage_throughput": 0,
            "storage_type": "gp2",
            "tags": {
              "Course": "cloud-computing-aws",
              "Name": "wp-final-mysql",
              "Project": "final-wordpress-ha-s3"
            },
            "tags_all": {
              "Course": "cloud-computing-aws",
              "Name": "wp-final-mysql",
              "Project": "final-wordpress-ha-s3"
            },
            "timeouts": null,
            "timezone": "",
            "upgrade_storage_config": null,
            "username": "wpadmin",
            "vpc_security_group_ids": [
              "sg-04a8c592eafad89b8"
            ]
          },
          "sensitive_attributes": [
            [
              {
                "type": "get_attr",
                "value": "password"
              }
            ]
          ],
          "private": "eyJlMmJmYjczMC1lY2FhLTExZTYtOGY4OC0zNDM2M2JjN2M0YzAiOnsiY3JlYXRlIjozMDAwMDAwMDAwMDAwLCJkZWxldGUiOjM2MDAwMDAwMDAwMDAsInVwZGF0ZSI6NDgwMDAwMDAwMDAwMH0sInNjaGVtYV92ZXJzaW9uIjoiMiJ9",
          "dependencies": [
            "aws_db_subnet_group.wordpress",
            "aws_security_group.alb",
            "aws_security_group.rds",
            "aws_security_group.wordpress",
            "data.aws_subnet.default_vpc",
            "data.aws_subnets.default_vpc",
            "data.aws_vpc.default"
          ],
          "create_before_destroy": true
        }
      ]
    },
    {
      "mode": "managed",
      "type": "aws_db_subnet_group",
      "name": "wordpress",
      "provider": "provider[\"registry.terraform.io/hashicorp/aws\"]",
      "instances": [
        {
          "schema_version": 0,
          "attributes": {
            "arn": "arn:aws:rds:us-east-1:980808829165:subgrp:wp-final-db-subnets",
            "description": "Managed by Terraform",
            "id": "wp-final-db-subnets",
            "name": "wp-final-db-subnets",
            "name_prefix": "",
            "subnet_ids": [
              "subnet-0907c242196e43f14",
              "subnet-0b325a3a157bfff42"
            ],
            "supported_network_types": [
              "IPV4"
            ],
            "tags": {
              "Course": "cloud-computing-aws",
              "Name": "wp-final-db-subnets",
              "Project": "final-wordpress-ha-s3"
            },
            "tags_all": {
              "Course": "cloud-computing-aws",
              "Name": "wp-final-db-subnets",
              "Project": "final-wordpress-ha-s3"
            },
            "vpc_id": "vpc-099a13dbc423e5700"
          },
          "sensitive_attributes": [],
          "private": "bnVsbA==",
          "dependencies": [
            "data.aws_subnet.default_vpc",
            "data.aws_subnets.default_vpc",
            "data.aws_vpc.default"
          ],
          "create_before_destroy": true
        }
      ]
    },
    {
      "mode": "managed",
      "type": "aws_launch_template",
      "name": "wordpress",
      "provider": "provider[\"registry.terraform.io/hashicorp/aws\"]",
      "instances": [
        {
          "schema_version": 0,
          "attributes": {
            "arn": "arn:aws:ec2:us-east-1:980808829165:launch-template/lt-079d260e6f4841c88",
            "block_device_mappings": [],
            "capacity_reservation_specification": [],
            "cpu_options": [],
            "credit_specification": [],
            "default_version": 1,
            "description": "",
            "disable_api_stop": false,
            "disable_api_termination": false,
            "ebs_optimized": "",
            "elastic_gpu_specifications": [],
            "elastic_inference_accelerator": [],
            "enclave_options": [],
            "hibernation_options": [],
            "iam_instance_profile": [
              {
                "arn": "",
                "name": "LabInstanceProfile"
              }
            ],
            "id": "lt-079d260e6f4841c88",
            "image_id": "ami-0521cb2d60cfbb1a6",
            "instance_initiated_shutdown_behavior": "",
            "instance_market_options": [],
            "instance_requirements": [],
            "instance_type": "t3.micro",
            "kernel_id": "",
            "key_name": "",
            "latest_version": 1,
            "license_specification": [],
            "maintenance_options": [],
            "metadata_options": [],
            "monitoring": [],
            "name": "wp-final-lt-20260620040255898800000001",
            "name_prefix": "wp-final-lt-",
            "network_interfaces": [
              {
                "associate_carrier_ip_address": "",
                "associate_public_ip_address": "true",
                "connection_tracking_specification": [],
                "delete_on_termination": "",
                "description": "",
                "device_index": 0,
                "ena_srd_specification": [],
                "interface_type": "",
                "ipv4_address_count": 0,
                "ipv4_addresses": [],
                "ipv4_prefix_count": 0,
                "ipv4_prefixes": [],
                "ipv6_address_count": 0,
                "ipv6_addresses": [],
                "ipv6_prefix_count": 0,
                "ipv6_prefixes": [],
                "network_card_index": 0,
                "network_interface_id": "",
                "primary_ipv6": "",
                "private_ip_address": "",
                "security_groups": [
                  "sg-0df92ea4c5d4e45d1"
                ],
                "subnet_id": ""
              }
            ],
            "placement": [],
            "private_dns_name_options": [],
            "ram_disk_id": "",
            "security_group_names": [],
            "tag_specifications": [
              {
                "resource_type": "instance",
                "tags": {
                  "Course": "cloud-computing-aws",
                  "Name": "wp-final-wordpress",
                  "Project": "final-wordpress-ha-s3"
                }
              }
            ],
            "tags": {},
            "tags_all": {},
            "update_default_version": null,
            "user_data": "IyEvYmluL2Jhc2gKc2V0IC1ldW8gcGlwZWZhaWwKCmV4ZWMgPiA+KHRlZSAvdmFyL2xvZy93b3JkcHJlc3MtdXNlci1kYXRhLmxvZyB8IGxvZ2dlciAtdCB3b3JkcHJlc3MtdXNlci1kYXRhIC1zIDI+L2Rldi9jb25zb2xlKSAyPiYxCgojIFRlcnJhZm9ybSB0ZW1wbGF0ZSB2YXJpYWJsZXMKREJfTkFNRT0id29yZHByZXNzZGIiCkRCX1VTRVI9IndwYWRtaW4iCkRCX1BBU1NXT1JEPSJXcExhYlBhc3MxMjMhIgpEQl9IT1NUPSJ3cC1maW5hbC1teXNxbC5jZGM2bThjNDJpcjgudXMtZWFzdC0xLnJkcy5hbWF6b25hd3MuY29tIgpEQl9QT1JUPSIzMzA2IgpUQUJMRV9QUkVGSVg9IndwXyIKQUxCX0ROUz0id3AtZmluYWwtYWxiLTE2NTc5ODg5MTEudXMtZWFzdC0xLmVsYi5hbWF6b25hd3MuY29tIgpOQU1FX1BSRUZJWD0id3AtZmluYWwiClMzX0JVQ0tFVD0id3AtZmluYWwtbWVkaWEtOTgwODA4ODI5MTY1IgpBV1NfUkVHSU9OPSJ1cy1lYXN0LTEiCgojIOKUgOKUgCBTeXN0ZW0gcGFja2FnZXMg4pSA4pSA4pSA4pSA4pSA4pSA4pSA4pSA4pSA4pSA4pSA4pSA4pSA4pSA4pSA4pSA4pSA4pSA4pSA4pSA4pSA4pSA4pSA4pSA4pSA4pSA4pSA4pSA4pSA4pSA4pSA4pSA4pSA4pSA4pSA4pSA4pSA4pSA4pSA4pSA4pSA4pSA4pSA4pSA4pSA4pSA4pSA4pSA4pSA4pSA4pSA4pSA4pSA4pSA4pSA4pSA4pSA4pSA4pSACgpkbmYgdXBncmFkZSAteQoKTEFNUF9QQUNLQUdFUz0oCiAgd2dldCBodHRwZCBwaHAtZnBtIHBocC1teXNxbGkgcGhwLWpzb24gcGhwIHBocC1kZXZlbAogIHBocC1teXNxbG5kIHBocC1nZCBwaHAtaW50bCBwaHAtbWJzdHJpbmcgcGhwLXhtbCBwaHAtemlwCiAgZ3ppcCBvcGVuc3NsIHRhcgopCgppZiAhIGRuZiBpbnN0YWxsIC15ICIke0xBTVBfUEFDS0FHRVNbQF19IjsgdGhlbgogIGRuZiBjbGVhbiBhbGwgJiYgZG5mIHVwZ3JhZGUgLXkgJiYgZG5mIGluc3RhbGwgLXkgIiR7TEFNUF9QQUNLQUdFU1tAXX0iCmZpCgpkbmYgaW5zdGFsbCAteSBtYXJpYWRiMTA1IHx8IHRydWUKY29tbWFuZCAtdiBjdXJsID4vZGV2L251bGwgMj4mMSB8fCBkbmYgaW5zdGFsbCAteSBjdXJsLW1pbmltYWwKCnN5c3RlbWN0bCBlbmFibGUgLS1ub3cgaHR0cGQKc3lzdGVtY3RsIGVuYWJsZSAtLW5vdyBwaHAtZnBtCgpjaG93biAtUiBlYzItdXNlcjphcGFjaGUgL3Zhci93d3cKY2htb2QgMjc3NSAvdmFyL3d3dwpmaW5kIC92YXIvd3d3IC10eXBlIGQgLWV4ZWMgY2htb2QgMjc3NSB7fSBcOwpmaW5kIC92YXIvd3d3IC10eXBlIGYgLWV4ZWMgY2htb2QgMDY2NCB7fSBcOwoKIyDilIDilIAgSW5zdGFuY2UgbWV0YWRhdGEg4pSA4pSA4pSA4pSA4pSA4pSA4pSA4pSA4pSA4pSA4pSA4pSA4pSA4pSA4pSA4pSA4pSA4pSA4pSA4pSA4pSA4pSA4pSA4pSA4pSA4pSA4pSA4pSA4pSA4pSA4pSA4pSA4pSA4pSA4pSA4pSA4pSA4pSA4pSA4pSA4pSA4pSA4pSA4pSA4pSA4pSA4pSA4pSA4pSA4pSA4pSA4pSA4pSA4pSA4pSA4pSA4pSACgpNRVRBREFUQV9UT0tFTj0kKGN1cmwgLWZzUyAtWCBQVVQgImh0dHA6Ly8xNjkuMjU0LjE2OS4yNTQvbGF0ZXN0L2FwaS90b2tlbiIgXAogIC1IICJYLWF3cy1lYzItbWV0YWRhdGEtdG9rZW4tdHRsLXNlY29uZHM6IDIxNjAwIiB8fCB0cnVlKQoKbWV0YWRhdGEoKSB7CiAgbG9jYWwgcGF0aD0iJDEiCiAgaWYgWyAtbiAiJHtNRVRBREFUQV9UT0tFTn0iIF07IHRoZW4KICAgIGN1cmwgLWZzUyAtSCAiWC1hd3MtZWMyLW1ldGFkYXRhLXRva2VuOiAke01FVEFEQVRBX1RPS0VOfSIgImh0dHA6Ly8xNjkuMjU0LjE2OS4yNTQvbGF0ZXN0L21ldGEtZGF0YS8ke3BhdGh9IgogIGVsc2UKICAgIGN1cmwgLWZzUyAiaHR0cDovLzE2OS4yNTQuMTY5LjI1NC9sYXRlc3QvbWV0YS1kYXRhLyR7cGF0aH0iCiAgZmkKfQoKSU5TVEFOQ0VfSUQ9JChtZXRhZGF0YSAiaW5zdGFuY2UtaWQiKQpBVkFJTEFCSUxJVFlfWk9ORT0kKG1ldGFkYXRhICJwbGFjZW1lbnQvYXZhaWxhYmlsaXR5LXpvbmUiKQoKIyDilIDilIAgV2FpdCBmb3IgUkRTIOKUgOKUgOKUgOKUgOKUgOKUgOKUgOKUgOKUgOKUgOKUgOKUgOKUgOKUgOKUgOKUgOKUgOKUgOKUgOKUgOKUgOKUgOKUgOKUgOKUgOKUgOKUgOKUgOKUgOKUgOKUgOKUgOKUgOKUgOKUgOKUgOKUgOKUgOKUgOKUgOKUgOKUgOKUgOKUgOKUgOKUgOKUgOKUgOKUgOKUgOKUgOKUgOKUgOKUgOKUgOKUgOKUgOKUgOKUgOKUgOKUgOKUgAoKZWNobyAiV2FpdGluZyBmb3IgUkRTIGF0ICR7REJfSE9TVH06JHtEQl9QT1JUfSAuLi4iCmZvciBhdHRlbXB0IGluICQoc2VxIDEgNjApOyBkbwogIGlmIG15c3FsIC1oICIke0RCX0hPU1R9IiAtUCAiJHtEQl9QT1JUfSIgLXUgIiR7REJfVVNFUn0iIC1wIiR7REJfUEFTU1dPUkR9IiAiJHtEQl9OQU1FfSIgXAogICAgICAgLWUgIlNFTEVDVCAxOyIgPi9kZXYvbnVsbCAyPiYxOyB0aGVuCiAgICBlY2hvICJSRFMgY29ubmVjdGlvbiBjaGVjayBwYXNzZWQgKGF0dGVtcHQgJHthdHRlbXB0fSkiCiAgICBicmVhawogIGZpCiAgaWYgWyAiJHthdHRlbXB0fSIgLWVxIDYwIF07IHRoZW4KICAgIGVjaG8gIkVSUk9SOiBSRFMgbm90IHJlYWNoYWJsZSBhZnRlciAke2F0dGVtcHR9IGF0dGVtcHRzIgogICAgZXhpdCAxCiAgZmkKICBlY2hvICIgIGF0dGVtcHQgJHthdHRlbXB0fS82MCDigJQgc2xlZXBpbmcgMTBzIgogIHNsZWVwIDEwCmRvbmUKCiMg4pSA4pSAIEluc3RhbGwgV29yZFByZXNzIOKUgOKUgOKUgOKUgOKUgOKUgOKUgOKUgOKUgOKUgOKUgOKUgOKUgOKUgOKUgOKUgOKUgOKUgOKUgOKUgOKUgOKUgOKUgOKUgOKUgOKUgOKUgOKUgOKUgOKUgOKUgOKUgOKUgOKUgOKUgOKUgOKUgOKUgOKUgOKUgOKUgOKUgOKUgOKUgOKUgOKUgOKUgOKUgOKUgOKUgOKUgOKUgOKUgOKUgOKUgOKUgOKUgAoKd2dldCBodHRwczovL3dvcmRwcmVzcy5vcmcvbGF0ZXN0LnRhci5neiAtTyAvdG1wL2xhdGVzdC50YXIuZ3oKdGFyIC14emYgL3RtcC9sYXRlc3QudGFyLmd6IC1DIC90bXAKcm0gLXJmIC92YXIvd3d3L2h0bWwvKgpjcCAtciAvdG1wL3dvcmRwcmVzcy8qIC92YXIvd3d3L2h0bWwvCmNwIC92YXIvd3d3L2h0bWwvd3AtY29uZmlnLXNhbXBsZS5waHAgL3Zhci93d3cvaHRtbC93cC1jb25maWcucGhwCgojIOKUgOKUgCBDb25maWd1cmUgd3AtY29uZmlnLnBocCDilIDilIDilIDilIDilIDilIDilIDilIDilIDilIDilIDilIDilIDilIDilIDilIDilIDilIDilIDilIDilIDilIDilIDilIDilIDilIDilIDilIDilIDilIDilIDilIDilIDilIDilIDilIDilIDilIDilIDilIDilIDilIDilIDilIDilIDilIDilIDilIDilIDilIDilIAKCnJlcGxhY2VfcGxhY2Vob2xkZXIoKSB7CiAgbG9jYWwga2V5PSIkMSIgdmFsdWU9IiQyIiBlc2NhcGVkCiAgZXNjYXBlZD0kKHByaW50ZiAnJXMnICIke3ZhbHVlfSIgfCBzZWQgLWUgJ3MvW1wvJl0vXFwmL2cnKQogIHNlZCAtaSAic3wke2tleX18JHtlc2NhcGVkfXxnIiAvdmFyL3d3dy9odG1sL3dwLWNvbmZpZy5waHAKfQoKcmVwbGFjZV9wbGFjZWhvbGRlciAiZGF0YWJhc2VfbmFtZV9oZXJlIiAiJHtEQl9OQU1FfSIKcmVwbGFjZV9wbGFjZWhvbGRlciAidXNlcm5hbWVfaGVyZSIgICAgICAiJHtEQl9VU0VSfSIKcmVwbGFjZV9wbGFjZWhvbGRlciAicGFzc3dvcmRfaGVyZSIgICAgICAiJHtEQl9QQVNTV09SRH0iCnJlcGxhY2VfcGxhY2Vob2xkZXIgImxvY2FsaG9zdCIgICAgICAgICAgIiR7REJfSE9TVH06JHtEQl9QT1JUfSIKc2VkIC1pICJzL15cJHRhYmxlX3ByZWZpeCA9ICd3cF8nOy9cJHRhYmxlX3ByZWZpeCA9ICcke1RBQkxFX1BSRUZJWH0nOy8iIC92YXIvd3d3L2h0bWwvd3AtY29uZmlnLnBocAoKIyBBTEIgRE5TIOqzoOyglSDigJQgQVNHIO2ZmOqyveyXkOyEnCBVUkwg7KCV7ZWp7ISxIOuztOyepQpjYXQgPj4gL3Zhci93d3cvaHRtbC93cC1jb25maWcucGhwIDw8UEhQCgovLyBIQTogQUxCIEROU+uhnCBVUkwg6rOg7KCVCmRlZmluZSggJ1dQX0hPTUUnLCAgICAnaHR0cDovLyR7QUxCX0ROU30nICk7CmRlZmluZSggJ1dQX1NJVEVVUkwnLCAnaHR0cDovLyR7QUxCX0ROU30nICk7CgovLyBTMyBPZmZsb2FkIE1lZGlhIOKAlCBBV1MgUmVnaW9uIOuwjyDrsoTtgrcg7ISk7KCVCmRlZmluZSggJ0FTM0NGX1NFVFRJTkdTJywgc2VyaWFsaXplKCBhcnJheSgKICAgICdwcm92aWRlcicgPT4gJ2F3cycsCiAgICAndXNlLXNlcnZlci1yb2xlcycgPT4gdHJ1ZSwKICAgICdidWNrZXQnID0+ICcke1MzX0JVQ0tFVH0nLAogICAgJ3JlZ2lvbicgPT4gJyR7QVdTX1JFR0lPTn0nLAogICAgJ2NvcHktdG8tczMnID0+IHRydWUsCiAgICAnc2VydmUtZnJvbS1zMycgPT4gdHJ1ZSwKICAgICdyZW1vdmUtbG9jYWwtZmlsZScgPT4gZmFsc2UsCikgKSApOwoKLy8gWC1Gb3J3YXJkZWQtRm9yIOyLoOuisCAoQUxCKQppZiAoIGlzc2V0KCBcJF9TRVJWRVJbJ0hUVFBfWF9GT1JXQVJERURfRk9SJ10gKSApIHsKICAgIFwkX1NFUlZFUlsnUkVNT1RFX0FERFInXSA9IGV4cGxvZGUoICcsJywgXCRfU0VSVkVSWydIVFRQX1hfRk9SV0FSREVEX0ZPUiddIClbMF07Cn0KUEhQCgojIFdvcmRQcmVzcyDsnbjspp0gU2FsdCDshKTsoJUKaWYgY3VybCAtZnNTTCBodHRwczovL2FwaS53b3JkcHJlc3Mub3JnL3NlY3JldC1rZXkvMS4xL3NhbHQvIC1vIC90bXAvd3Atc2FsdHMucGhwOyB0aGVuCiAgYXdrICcKICAgIEZOUiA9PSBOUiB7IHNhbHRzID0gc2FsdHMgJDAgIlxuIjsgbmV4dCB9CiAgICAvQVVUSF9LRVkvIHsgcHJpbnRmICIlcyIsIHNhbHRzOyBza2lwID0gMTsgbmV4dCB9CiAgICAvTk9OQ0VfU0FMVC8gJiYgc2tpcCB7IHNraXAgPSAwOyBuZXh0IH0KICAgICFza2lwIHsgcHJpbnQgfQogICcgL3RtcC93cC1zYWx0cy5waHAgL3Zhci93d3cvaHRtbC93cC1jb25maWcucGhwID4gL3RtcC93cC1jb25maWcucGhwCiAgbXYgL3RtcC93cC1jb25maWcucGhwIC92YXIvd3d3L2h0bWwvd3AtY29uZmlnLnBocApmaQoKIyDilIDilIAgV1AtQ0xJIOyEpOy5mCDrsI8gV1AgT2ZmbG9hZCBNZWRpYSDtlIzrn6zqt7jsnbgg7J6Q64+ZIOyEpOy5mCDilIDilIDilIDilIDilIDilIDilIDilIDilIDilIDilIDilIDilIDilIDilIDilIDilIDilIDilIDilIDilIDilIDilIAKCmN1cmwgLWZzU0wgaHR0cHM6Ly9yYXcuZ2l0aHVidXNlcmNvbnRlbnQuY29tL3dwLWNsaS9idWlsZHMvZ2gtcGFnZXMvcGhhci93cC1jbGkucGhhciBcCiAgLW8gL3Vzci9sb2NhbC9iaW4vd3AKY2htb2QgK3ggL3Vzci9sb2NhbC9iaW4vd3AKCiMgV29yZFByZXNzIOyEpOy5mCDsmYTro4wg7ZuEIO2UjOufrOq3uOyduCDshKTsuZggKOyEpOy5mOqwgCDsmYTro4zrkJwg7IOB7YOc7JeQ7ISc66eMIOyekeuPmSkKIyBXb3JkUHJlc3Mg7LSI6riwIOyEpOygleydgCDruIzrnbzsmrDsoIDsl5DshJwg7KeE7ZaJIO2bhCDtlIzrn6zqt7jsnbjsnbQg7Zmc7ISx7ZmU65CoCndwIHBhY2thZ2UgaW5zdGFsbCBkZWxpY2lvdXNicmFpbnMvd3Atb2ZmbG9hZC1tZWRpYSAtLWFsbG93LXJvb3QgMj4vZGV2L251bGwgfHwgdHJ1ZQoKIyDilIDilIAgSGVhbHRoIGNoZWNrIO2MjOydvCDilIDilIDilIDilIDilIDilIDilIDilIDilIDilIDilIDilIDilIDilIDilIDilIDilIDilIDilIDilIDilIDilIDilIDilIDilIDilIDilIDilIDilIDilIDilIDilIDilIDilIDilIDilIDilIDilIDilIDilIDilIDilIDilIDilIDilIDilIDilIDilIDilIDilIDilIDilIDilIDilIDilIDilIDilIAKCmNhdCA+IC92YXIvd3d3L2h0bWwvaGVhbHRoLmh0bWwgPDxFT0YKb2sKbmFtZV9wcmVmaXg9JHtOQU1FX1BSRUZJWH0KaW5zdGFuY2VfaWQ9JHtJTlNUQU5DRV9JRH0KYXZhaWxhYmlsaXR5X3pvbmU9JHtBVkFJTEFCSUxJVFlfWk9ORX0KZGF0YWJhc2VfaG9zdD0ke0RCX0hPU1R9CmRhdGFiYXNlX25hbWU9JHtEQl9OQU1FfQpzM19idWNrZXQ9JHtTM19CVUNLRVR9CkVPRgoKY2F0ID4gL3Zhci93d3cvaHRtbC9kYi1oZWFsdGgucGhwIDw8UEhQCjw/cGhwClwkaG9zdCA9ICcke0RCX0hPU1R9JzsKXCR1c2VyID0gJyR7REJfVVNFUn0nOwpcJHBhc3MgPSAnJHtEQl9QQVNTV09SRH0nOwpcJGRiICAgPSAnJHtEQl9OQU1FfSc7ClwkcG9ydCA9IChpbnQpJyR7REJfUE9SVH0nOwpcJG15c3FsaSA9IG15c3FsaV9pbml0KCk7CmlmICghXCRteXNxbGkpIHsgaHR0cF9yZXNwb25zZV9jb2RlKDUwMCk7IGVjaG8gImRiLWVycm9yOiBteXNxbGlfaW5pdCBmYWlsZWRcbiI7IGV4aXQ7IH0KaWYgKCFAXCRteXNxbGktPnJlYWxfY29ubmVjdChcJGhvc3QsIFwkdXNlciwgXCRwYXNzLCBcJGRiLCBcJHBvcnQpKSB7CiAgICBodHRwX3Jlc3BvbnNlX2NvZGUoNTAwKTsgZWNobyAiZGItZXJyb3I6ICIgLiBteXNxbGlfY29ubmVjdF9lcnJvcigpIC4gIlxuIjsgZXhpdDsKfQpcJHJlc3VsdCA9IFwkbXlzcWxpLT5xdWVyeSgnU0VMRUNUIDEgQVMgb2snKTsKaWYgKCFcJHJlc3VsdCkgeyBodHRwX3Jlc3BvbnNlX2NvZGUoNTAwKTsgZWNobyAiZGItZXJyb3I6IHF1ZXJ5IGZhaWxlZFxuIjsgZXhpdDsgfQplY2hvICJkYi1va1xuIjsKUEhQCgojIFMzIOygkeq3vCDtmZXsnbgg7YyM7J28CmNhdCA+IC92YXIvd3d3L2h0bWwvczMtaGVhbHRoLnBocCA8PFBIUAo8P3BocApcJGJ1Y2tldCA9ICcke1MzX0JVQ0tFVH0nOwpcJHJlZ2lvbiA9ICcke0FXU19SRUdJT059JzsKXCR1cmwgPSAiaHR0cHM6Ly9zMy4ke3JlZ2lvbn0uYW1hem9uYXdzLmNvbS8ke2J1Y2tldH0iOwpcJGhlYWRlcnMgPSBAZ2V0X2hlYWRlcnMoXCR1cmwpOwppZiAoXCRoZWFkZXJzICYmIHN0cnBvcyhcJGhlYWRlcnNbMF0sICcyMDAnKSAhPT0gZmFsc2UgfHwgc3RycG9zKFwkaGVhZGVyc1swXSwgJzQwMycpICE9PSBmYWxzZSkgewogICAgZWNobyAiczMtb2sgYnVja2V0PSR7YnVja2V0fVxuIjsKfSBlbHNlIHsKICAgIGh0dHBfcmVzcG9uc2VfY29kZSg1MDApOwogICAgZWNobyAiczMtZXJyb3I6IGNhbm5vdCByZWFjaCBidWNrZXRcbiI7Cn0KUEhQCgojIOKUgOKUgCBBcGFjaGUg7ISk7KCVIOKUgOKUgOKUgOKUgOKUgOKUgOKUgOKUgOKUgOKUgOKUgOKUgOKUgOKUgOKUgOKUgOKUgOKUgOKUgOKUgOKUgOKUgOKUgOKUgOKUgOKUgOKUgOKUgOKUgOKUgOKUgOKUgOKUgOKUgOKUgOKUgOKUgOKUgOKUgOKUgOKUgOKUgOKUgOKUgOKUgOKUgOKUgOKUgOKUgOKUgOKUgOKUgOKUgOKUgOKUgOKUgOKUgOKUgOKUgOKUgOKUgOKUgOKUgAoKc2VkIC1pICcvPERpcmVjdG9yeSAiXC92YXJcL3d3d1wvaHRtbCI+LywvPFwvRGlyZWN0b3J5Pi8gcy9BbGxvd092ZXJyaWRlIE5vbmUvQWxsb3dPdmVycmlkZSBBbGwvJyBcCiAgL2V0Yy9odHRwZC9jb25mL2h0dHBkLmNvbmYKCmNob3duIC1SIGFwYWNoZTphcGFjaGUgL3Zhci93d3cvaHRtbApjaG1vZCAyNzc1IC92YXIvd3d3CmZpbmQgL3Zhci93d3cgLXR5cGUgZCAtZXhlYyBjaG1vZCAyNzc1IHt9IFw7CmZpbmQgL3Zhci93d3cvaHRtbCAtdHlwZSBmIC1leGVjIGNobW9kIDY0NCB7fSBcOwpjaG1vZCA2NDAgL3Zhci93d3cvaHRtbC93cC1jb25maWcucGhwCnJlc3RvcmVjb24gLVIgL3Zhci93d3cvaHRtbCB8fCB0cnVlCgpzeXN0ZW1jdGwgcmVzdGFydCBwaHAtZnBtCnN5c3RlbWN0bCByZXN0YXJ0IGh0dHBkCgojIOKUgOKUgCDsl7DqsrAg7KCV67O0IOyggOyepSDilIDilIDilIDilIDilIDilIDilIDilIDilIDilIDilIDilIDilIDilIDilIDilIDilIDilIDilIDilIDilIDilIDilIDilIDilIDilIDilIDilIDilIDilIDilIDilIDilIDilIDilIDilIDilIDilIDilIDilIDilIDilIDilIDilIDilIDilIDilIDilIDilIDilIDilIDilIDilIDilIDilIDilIDilIDilIDilIDilIAKCmNhdCA+IC9ob21lL2VjMi11c2VyL2Nvbm5lY3Rpb24taW5mby50eHQgPDxFT0YKPT09IFdvcmRQcmVzcyBIQSArIFMzIEZpbmFsIFByb2plY3QgPT09Ckluc3RhbmNlOiAgICR7SU5TVEFOQ0VfSUR9ICgke0FWQUlMQUJJTElUWV9aT05FfSkKQUxCOiAgICAgICAgJHtBTEJfRE5TfQpEQiBIb3N0OiAgICAke0RCX0hPU1R9OiR7REJfUE9SVH0KREIgTmFtZTogICAgJHtEQl9OQU1FfQpTMyBCdWNrZXQ6ICAke1MzX0JVQ0tFVH0gKCR7QVdTX1JFR0lPTn0pCkVPRgpjaG93biBlYzItdXNlcjplYzItdXNlciAvaG9tZS9lYzItdXNlci9jb25uZWN0aW9uLWluZm8udHh0CmNobW9kIDYwMCAvaG9tZS9lYzItdXNlci9jb25uZWN0aW9uLWluZm8udHh0CgplY2hvICJCb290c3RyYXAgY29tcGxldGUg4oCUICR7SU5TVEFOQ0VfSUR9IGluICR7QVZBSUxBQklMSVRZX1pPTkV9Igo=",
            "vpc_security_group_ids": []
          },
          "sensitive_attributes": [
            [
              {
                "type": "get_attr",
                "value": "user_data"
              }
            ],
            [
              {
                "type": "get_attr",
                "value": "image_id"
              }
            ]
          ],
          "private": "bnVsbA==",
          "dependencies": [
            "aws_db_instance.wordpress",
            "aws_db_subnet_group.wordpress",
            "aws_lb.wordpress",
            "aws_s3_bucket.wordpress_media",
            "aws_security_group.alb",
            "aws_security_group.rds",
            "aws_security_group.wordpress",
            "data.aws_caller_identity.current",
            "data.aws_iam_instance_profile.lab_instance_profile",
            "data.aws_ssm_parameter.al2023_ami",
            "data.aws_subnet.default_vpc",
            "data.aws_subnets.default_vpc",
            "data.aws_vpc.default"
          ],
          "create_before_destroy": true
        }
      ]
    },
    {
      "mode": "managed",
      "type": "aws_lb",
      "name": "wordpress",
      "provider": "provider[\"registry.terraform.io/hashicorp/aws\"]",
      "instances": [
        {
          "schema_version": 0,
          "attributes": {
            "access_logs": [
              {
                "bucket": "",
                "enabled": false,
                "prefix": ""
              }
            ],
            "arn": "arn:aws:elasticloadbalancing:us-east-1:980808829165:loadbalancer/app/wp-final-alb/7834b39e8b86d1e3",
            "arn_suffix": "app/wp-final-alb/7834b39e8b86d1e3",
            "client_keep_alive": 3600,
            "connection_logs": [
              {
                "bucket": "",
                "enabled": false,
                "prefix": ""
              }
            ],
            "customer_owned_ipv4_pool": "",
            "desync_mitigation_mode": "defensive",
            "dns_name": "wp-final-alb-1657988911.us-east-1.elb.amazonaws.com",
            "dns_record_client_routing_policy": null,
            "drop_invalid_header_fields": false,
            "enable_cross_zone_load_balancing": true,
            "enable_deletion_protection": false,
            "enable_http2": true,
            "enable_tls_version_and_cipher_suite_headers": false,
            "enable_waf_fail_open": false,
            "enable_xff_client_port": false,
            "enable_zonal_shift": false,
            "enforce_security_group_inbound_rules_on_private_link_traffic": "",
            "id": "arn:aws:elasticloadbalancing:us-east-1:980808829165:loadbalancer/app/wp-final-alb/7834b39e8b86d1e3",
            "idle_timeout": 60,
            "internal": false,
            "ip_address_type": "ipv4",
            "ipam_pools": [],
            "load_balancer_type": "application",
            "minimum_load_balancer_capacity": [],
            "name": "wp-final-alb",
            "name_prefix": "",
            "preserve_host_header": false,
            "security_groups": [
              "sg-0547e2f86c9fd0ff8"
            ],
            "subnet_mapping": [
              {
                "allocation_id": "",
                "ipv6_address": "",
                "outpost_id": "",
                "private_ipv4_address": "",
                "subnet_id": "subnet-0907c242196e43f14"
              },
              {
                "allocation_id": "",
                "ipv6_address": "",
                "outpost_id": "",
                "private_ipv4_address": "",
                "subnet_id": "subnet-0b325a3a157bfff42"
              }
            ],
            "subnets": [
              "subnet-0907c242196e43f14",
              "subnet-0b325a3a157bfff42"
            ],
            "tags": {
              "Course": "cloud-computing-aws",
              "Name": "wp-final-alb",
              "Project": "final-wordpress-ha-s3"
            },
            "tags_all": {
              "Course": "cloud-computing-aws",
              "Name": "wp-final-alb",
              "Project": "final-wordpress-ha-s3"
            },
            "timeouts": null,
            "vpc_id": "vpc-099a13dbc423e5700",
            "xff_header_processing_mode": "append",
            "zone_id": "Z35SXDOTRQ7X7K"
          },
          "sensitive_attributes": [],
          "private": "eyJlMmJmYjczMC1lY2FhLTExZTYtOGY4OC0zNDM2M2JjN2M0YzAiOnsiY3JlYXRlIjo2MDAwMDAwMDAwMDAsImRlbGV0ZSI6NjAwMDAwMDAwMDAwLCJ1cGRhdGUiOjYwMDAwMDAwMDAwMH19",
          "dependencies": [
            "aws_security_group.alb",
            "data.aws_subnet.default_vpc",
            "data.aws_subnets.default_vpc",
            "data.aws_vpc.default"
          ],
          "create_before_destroy": true
        }
      ]
    },
    {
      "mode": "managed",
      "type": "aws_lb_listener",
      "name": "http",
      "provider": "provider[\"registry.terraform.io/hashicorp/aws\"]",
      "instances": [
        {
          "schema_version": 0,
          "attributes": {
            "alpn_policy": null,
            "arn": "arn:aws:elasticloadbalancing:us-east-1:980808829165:listener/app/wp-final-alb/7834b39e8b86d1e3/e918b32c8c3e96b2",
            "certificate_arn": null,
            "default_action": [
              {
                "authenticate_cognito": [],
                "authenticate_oidc": [],
                "fixed_response": [],
                "forward": [],
                "order": 1,
                "redirect": [],
                "target_group_arn": "arn:aws:elasticloadbalancing:us-east-1:980808829165:targetgroup/wp-final-tg/31fc3510a2a68010",
                "type": "forward"
              }
            ],
            "id": "arn:aws:elasticloadbalancing:us-east-1:980808829165:listener/app/wp-final-alb/7834b39e8b86d1e3/e918b32c8c3e96b2",
            "load_balancer_arn": "arn:aws:elasticloadbalancing:us-east-1:980808829165:loadbalancer/app/wp-final-alb/7834b39e8b86d1e3",
            "mutual_authentication": [],
            "port": 80,
            "protocol": "HTTP",
            "routing_http_request_x_amzn_mtls_clientcert_header_name": null,
            "routing_http_request_x_amzn_mtls_clientcert_issuer_header_name": null,
            "routing_http_request_x_amzn_mtls_clientcert_leaf_header_name": null,
            "routing_http_request_x_amzn_mtls_clientcert_serial_number_header_name": null,
            "routing_http_request_x_amzn_mtls_clientcert_subject_header_name": null,
            "routing_http_request_x_amzn_mtls_clientcert_validity_header_name": null,
            "routing_http_request_x_amzn_tls_cipher_suite_header_name": null,
            "routing_http_request_x_amzn_tls_version_header_name": null,
            "routing_http_response_access_control_allow_credentials_header_value": "",
            "routing_http_response_access_control_allow_headers_header_value": "",
            "routing_http_response_access_control_allow_methods_header_value": "",
            "routing_http_response_access_control_allow_origin_header_value": "",
            "routing_http_response_access_control_expose_headers_header_value": "",
            "routing_http_response_access_control_max_age_header_value": "",
            "routing_http_response_content_security_policy_header_value": "",
            "routing_http_response_server_enabled": true,
            "routing_http_response_strict_transport_security_header_value": "",
            "routing_http_response_x_content_type_options_header_value": "",
            "routing_http_response_x_frame_options_header_value": "",
            "ssl_policy": "",
            "tags": {},
            "tags_all": {},
            "tcp_idle_timeout_seconds": null,
            "timeouts": null
          },
          "sensitive_attributes": [],
          "private": "eyJlMmJmYjczMC1lY2FhLTExZTYtOGY4OC0zNDM2M2JjN2M0YzAiOnsiY3JlYXRlIjozMDAwMDAwMDAwMDAsInVwZGF0ZSI6MzAwMDAwMDAwMDAwfX0=",
          "dependencies": [
            "aws_lb.wordpress",
            "aws_lb_target_group.wordpress",
            "aws_security_group.alb",
            "data.aws_subnet.default_vpc",
            "data.aws_subnets.default_vpc",
            "data.aws_vpc.default"
          ]
        }
      ]
    },
    {
      "mode": "managed",
      "type": "aws_lb_target_group",
      "name": "wordpress",
      "provider": "provider[\"registry.terraform.io/hashicorp/aws\"]",
      "instances": [
        {
          "schema_version": 0,
          "attributes": {
            "arn": "arn:aws:elasticloadbalancing:us-east-1:980808829165:targetgroup/wp-final-tg/31fc3510a2a68010",
            "arn_suffix": "targetgroup/wp-final-tg/31fc3510a2a68010",
            "connection_termination": null,
            "deregistration_delay": "300",
            "health_check": [
              {
                "enabled": true,
                "healthy_threshold": 2,
                "interval": 30,
                "matcher": "200",
                "path": "/health.html",
                "port": "traffic-port",
                "protocol": "HTTP",
                "timeout": 5,
                "unhealthy_threshold": 3
              }
            ],
            "id": "arn:aws:elasticloadbalancing:us-east-1:980808829165:targetgroup/wp-final-tg/31fc3510a2a68010",
            "ip_address_type": "ipv4",
            "lambda_multi_value_headers_enabled": false,
            "load_balancer_arns": [
              "arn:aws:elasticloadbalancing:us-east-1:980808829165:loadbalancer/app/wp-final-alb/7834b39e8b86d1e3"
            ],
            "load_balancing_algorithm_type": "round_robin",
            "load_balancing_anomaly_mitigation": "off",
            "load_balancing_cross_zone_enabled": "use_load_balancer_configuration",
            "name": "wp-final-tg",
            "name_prefix": "",
            "port": 80,
            "preserve_client_ip": null,
            "protocol": "HTTP",
            "protocol_version": "HTTP1",
            "proxy_protocol_v2": false,
            "slow_start": 0,
            "stickiness": [
              {
                "cookie_duration": 86400,
                "cookie_name": "",
                "enabled": false,
                "type": "lb_cookie"
              }
            ],
            "tags": {
              "Course": "cloud-computing-aws",
              "Name": "wp-final-tg",
              "Project": "final-wordpress-ha-s3"
            },
            "tags_all": {
              "Course": "cloud-computing-aws",
              "Name": "wp-final-tg",
              "Project": "final-wordpress-ha-s3"
            },
            "target_failover": [
              {
                "on_deregistration": null,
                "on_unhealthy": null
              }
            ],
            "target_group_health": [
              {
                "dns_failover": [
                  {
                    "minimum_healthy_targets_count": "1",
                    "minimum_healthy_targets_percentage": "off"
                  }
                ],
                "unhealthy_state_routing": [
                  {
                    "minimum_healthy_targets_count": 1,
                    "minimum_healthy_targets_percentage": "off"
                  }
                ]
              }
            ],
            "target_health_state": [
              {
                "enable_unhealthy_connection_termination": null,
                "unhealthy_draining_interval": null
              }
            ],
            "target_type": "instance",
            "vpc_id": "vpc-099a13dbc423e5700"
          },
          "sensitive_attributes": [],
          "private": "bnVsbA==",
          "dependencies": [
            "data.aws_vpc.default"
          ],
          "create_before_destroy": true
        }
      ]
    },
    {
      "mode": "managed",
      "type": "aws_s3_bucket",
      "name": "wordpress_media",
      "provider": "provider[\"registry.terraform.io/hashicorp/aws\"]",
      "instances": [
        {
          "schema_version": 0,
          "attributes": {
            "acceleration_status": "",
            "acl": null,
            "arn": "arn:aws:s3:::wp-final-media-980808829165",
            "bucket": "wp-final-media-980808829165",
            "bucket_domain_name": "wp-final-media-980808829165.s3.amazonaws.com",
            "bucket_prefix": "",
            "bucket_regional_domain_name": "wp-final-media-980808829165.s3.us-east-1.amazonaws.com",
            "cors_rule": [
              {
                "allowed_headers": [
                  "*"
                ],
                "allowed_methods": [
                  "GET",
                  "HEAD"
                ],
                "allowed_origins": [
                  "*"
                ],
                "expose_headers": [],
                "max_age_seconds": 3600
              }
            ],
            "force_destroy": true,
            "grant": [
              {
                "id": "c9361eff1c96550f22059d2d734a97c3d2b94eead56bb7e550881b424a1bc581",
                "permissions": [
                  "FULL_CONTROL"
                ],
                "type": "CanonicalUser",
                "uri": ""
              }
            ],
            "hosted_zone_id": "Z3AQBSTGFYJSTF",
            "id": "wp-final-media-980808829165",
            "lifecycle_rule": [],
            "logging": [],
            "object_lock_configuration": [],
            "object_lock_enabled": false,
            "policy": "{\"Statement\":[{\"Action\":\"s3:GetObject\",\"Effect\":\"Allow\",\"Principal\":\"*\",\"Resource\":\"arn:aws:s3:::wp-final-media-980808829165/*\",\"Sid\":\"PublicReadGetObject\"}],\"Version\":\"2012-10-17\"}",
            "region": "us-east-1",
            "replication_configuration": [],
            "request_payer": "BucketOwner",
            "server_side_encryption_configuration": [
              {
                "rule": [
                  {
                    "apply_server_side_encryption_by_default": [
                      {
                        "kms_master_key_id": "",
                        "sse_algorithm": "AES256"
                      }
                    ],
                    "bucket_key_enabled": false
                  }
                ]
              }
            ],
            "tags": {
              "Course": "cloud-computing-aws",
              "Name": "wp-final-media",
              "Project": "final-wordpress-ha-s3"
            },
            "tags_all": {
              "Course": "cloud-computing-aws",
              "Name": "wp-final-media",
              "Project": "final-wordpress-ha-s3"
            },
            "timeouts": null,
            "versioning": [
              {
                "enabled": false,
                "mfa_delete": false
              }
            ],
            "website": [],
            "website_domain": null,
            "website_endpoint": null
          },
          "sensitive_attributes": [],
          "private": "eyJlMmJmYjczMC1lY2FhLTExZTYtOGY4OC0zNDM2M2JjN2M0YzAiOnsiY3JlYXRlIjoxMjAwMDAwMDAwMDAwLCJkZWxldGUiOjM2MDAwMDAwMDAwMDAsInJlYWQiOjEyMDAwMDAwMDAwMDAsInVwZGF0ZSI6MTIwMDAwMDAwMDAwMH19",
          "dependencies": [
            "data.aws_caller_identity.current"
          ],
          "create_before_destroy": true
        }
      ]
    },
    {
      "mode": "managed",
      "type": "aws_s3_bucket_cors_configuration",
      "name": "wordpress_media",
      "provider": "provider[\"registry.terraform.io/hashicorp/aws\"]",
      "instances": [
        {
          "schema_version": 0,
          "attributes": {
            "bucket": "wp-final-media-980808829165",
            "cors_rule": [
              {
                "allowed_headers": [
                  "*"
                ],
                "allowed_methods": [
                  "GET",
                  "HEAD"
                ],
                "allowed_origins": [
                  "*"
                ],
                "expose_headers": [],
                "id": "",
                "max_age_seconds": 3600
              }
            ],
            "expected_bucket_owner": "",
            "id": "wp-final-media-980808829165"
          },
          "sensitive_attributes": [],
          "private": "bnVsbA==",
          "dependencies": [
            "aws_s3_bucket.wordpress_media",
            "data.aws_caller_identity.current"
          ]
        }
      ]
    },
    {
      "mode": "managed",
      "type": "aws_s3_bucket_ownership_controls",
      "name": "wordpress_media",
      "provider": "provider[\"registry.terraform.io/hashicorp/aws\"]",
      "instances": [
        {
          "schema_version": 0,
          "attributes": {
            "bucket": "wp-final-media-980808829165",
            "id": "wp-final-media-980808829165",
            "rule": [
              {
                "object_ownership": "BucketOwnerPreferred"
              }
            ]
          },
          "sensitive_attributes": [],
          "private": "bnVsbA==",
          "dependencies": [
            "aws_s3_bucket.wordpress_media",
            "data.aws_caller_identity.current"
          ]
        }
      ]
    },
    {
      "mode": "managed",
      "type": "aws_s3_bucket_policy",
      "name": "wordpress_media",
      "provider": "provider[\"registry.terraform.io/hashicorp/aws\"]",
      "instances": [
        {
          "schema_version": 0,
          "attributes": {
            "bucket": "wp-final-media-980808829165",
            "id": "wp-final-media-980808829165",
            "policy": "{\"Statement\":[{\"Action\":\"s3:GetObject\",\"Effect\":\"Allow\",\"Principal\":\"*\",\"Resource\":\"arn:aws:s3:::wp-final-media-980808829165/*\",\"Sid\":\"PublicReadGetObject\"}],\"Version\":\"2012-10-17\"}"
          },
          "sensitive_attributes": [],
          "private": "bnVsbA==",
          "dependencies": [
            "aws_s3_bucket.wordpress_media",
            "aws_s3_bucket_ownership_controls.wordpress_media",
            "aws_s3_bucket_public_access_block.wordpress_media",
            "data.aws_caller_identity.current"
          ]
        }
      ]
    },
    {
      "mode": "managed",
      "type": "aws_s3_bucket_public_access_block",
      "name": "wordpress_media",
      "provider": "provider[\"registry.terraform.io/hashicorp/aws\"]",
      "instances": [
        {
          "schema_version": 0,
          "attributes": {
            "block_public_acls": false,
            "block_public_policy": false,
            "bucket": "wp-final-media-980808829165",
            "id": "wp-final-media-980808829165",
            "ignore_public_acls": false,
            "restrict_public_buckets": false
          },
          "sensitive_attributes": [],
          "private": "bnVsbA==",
          "dependencies": [
            "aws_s3_bucket.wordpress_media",
            "data.aws_caller_identity.current"
          ]
        }
      ]
    },
    {
      "mode": "managed",
      "type": "aws_security_group",
      "name": "alb",
      "provider": "provider[\"registry.terraform.io/hashicorp/aws\"]",
      "instances": [
        {
          "schema_version": 1,
          "attributes": {
            "arn": "arn:aws:ec2:us-east-1:980808829165:security-group/sg-0547e2f86c9fd0ff8",
            "description": "Allow HTTP from the internet to the ALB",
            "egress": [
              {
                "cidr_blocks": [
                  "0.0.0.0/0"
                ],
                "description": "",
                "from_port": 0,
                "ipv6_cidr_blocks": [],
                "prefix_list_ids": [],
                "protocol": "-1",
                "security_groups": [],
                "self": false,
                "to_port": 0
              }
            ],
            "id": "sg-0547e2f86c9fd0ff8",
            "ingress": [
              {
                "cidr_blocks": [
                  "0.0.0.0/0"
                ],
                "description": "HTTP from anywhere",
                "from_port": 80,
                "ipv6_cidr_blocks": [],
                "prefix_list_ids": [],
                "protocol": "tcp",
                "security_groups": [],
                "self": false,
                "to_port": 80
              }
            ],
            "name": "wp-final-alb-sg",
            "name_prefix": "",
            "owner_id": "980808829165",
            "revoke_rules_on_delete": false,
            "tags": {
              "Course": "cloud-computing-aws",
              "Name": "wp-final-alb-sg",
              "Project": "final-wordpress-ha-s3"
            },
            "tags_all": {
              "Course": "cloud-computing-aws",
              "Name": "wp-final-alb-sg",
              "Project": "final-wordpress-ha-s3"
            },
            "timeouts": null,
            "vpc_id": "vpc-099a13dbc423e5700"
          },
          "sensitive_attributes": [],
          "private": "eyJlMmJmYjczMC1lY2FhLTExZTYtOGY4OC0zNDM2M2JjN2M0YzAiOnsiY3JlYXRlIjo2MDAwMDAwMDAwMDAsImRlbGV0ZSI6OTAwMDAwMDAwMDAwfSwic2NoZW1hX3ZlcnNpb24iOiIxIn0=",
          "dependencies": [
            "data.aws_vpc.default"
          ],
          "create_before_destroy": true
        }
      ]
    },
    {
      "mode": "managed",
      "type": "aws_security_group",
      "name": "rds",
      "provider": "provider[\"registry.terraform.io/hashicorp/aws\"]",
      "instances": [
        {
          "schema_version": 1,
          "attributes": {
            "arn": "arn:aws:ec2:us-east-1:980808829165:security-group/sg-04a8c592eafad89b8",
            "description": "Allow MySQL from WordPress EC2 SG only",
            "egress": [
              {
                "cidr_blocks": [
                  "0.0.0.0/0"
                ],
                "description": "",
                "from_port": 0,
                "ipv6_cidr_blocks": [],
                "prefix_list_ids": [],
                "protocol": "-1",
                "security_groups": [],
                "self": false,
                "to_port": 0
              }
            ],
            "id": "sg-04a8c592eafad89b8",
            "ingress": [
              {
                "cidr_blocks": [],
                "description": "MySQL from WordPress EC2",
                "from_port": 3306,
                "ipv6_cidr_blocks": [],
                "prefix_list_ids": [],
                "protocol": "tcp",
                "security_groups": [
                  "sg-0df92ea4c5d4e45d1"
                ],
                "self": false,
                "to_port": 3306
              }
            ],
            "name": "wp-final-rds-sg",
            "name_prefix": "",
            "owner_id": "980808829165",
            "revoke_rules_on_delete": false,
            "tags": {
              "Course": "cloud-computing-aws",
              "Name": "wp-final-rds-sg",
              "Project": "final-wordpress-ha-s3"
            },
            "tags_all": {
              "Course": "cloud-computing-aws",
              "Name": "wp-final-rds-sg",
              "Project": "final-wordpress-ha-s3"
            },
            "timeouts": null,
            "vpc_id": "vpc-099a13dbc423e5700"
          },
          "sensitive_attributes": [],
          "private": "eyJlMmJmYjczMC1lY2FhLTExZTYtOGY4OC0zNDM2M2JjN2M0YzAiOnsiY3JlYXRlIjo2MDAwMDAwMDAwMDAsImRlbGV0ZSI6OTAwMDAwMDAwMDAwfSwic2NoZW1hX3ZlcnNpb24iOiIxIn0=",
          "dependencies": [
            "aws_security_group.alb",
            "aws_security_group.wordpress",
            "data.aws_vpc.default"
          ],
          "create_before_destroy": true
        }
      ]
    },
    {
      "mode": "managed",
      "type": "aws_security_group",
      "name": "wordpress",
      "provider": "provider[\"registry.terraform.io/hashicorp/aws\"]",
      "instances": [
        {
          "schema_version": 1,
          "attributes": {
            "arn": "arn:aws:ec2:us-east-1:980808829165:security-group/sg-0df92ea4c5d4e45d1",
            "description": "Allow HTTP from ALB and optional SSH",
            "egress": [
              {
                "cidr_blocks": [
                  "0.0.0.0/0"
                ],
                "description": "",
                "from_port": 0,
                "ipv6_cidr_blocks": [],
                "prefix_list_ids": [],
                "protocol": "-1",
                "security_groups": [],
                "self": false,
                "to_port": 0
              }
            ],
            "id": "sg-0df92ea4c5d4e45d1",
            "ingress": [
              {
                "cidr_blocks": [
                  "0.0.0.0/0"
                ],
                "description": "SSH for troubleshooting",
                "from_port": 22,
                "ipv6_cidr_blocks": [],
                "prefix_list_ids": [],
                "protocol": "tcp",
                "security_groups": [],
                "self": false,
                "to_port": 22
              },
              {
                "cidr_blocks": [],
                "description": "HTTP from ALB only",
                "from_port": 80,
                "ipv6_cidr_blocks": [],
                "prefix_list_ids": [],
                "protocol": "tcp",
                "security_groups": [
                  "sg-0547e2f86c9fd0ff8"
                ],
                "self": false,
                "to_port": 80
              }
            ],
            "name": "wp-final-wordpress-sg",
            "name_prefix": "",
            "owner_id": "980808829165",
            "revoke_rules_on_delete": false,
            "tags": {
              "Course": "cloud-computing-aws",
              "Name": "wp-final-wordpress-sg",
              "Project": "final-wordpress-ha-s3"
            },
            "tags_all": {
              "Course": "cloud-computing-aws",
              "Name": "wp-final-wordpress-sg",
              "Project": "final-wordpress-ha-s3"
            },
            "timeouts": null,
            "vpc_id": "vpc-099a13dbc423e5700"
          },
          "sensitive_attributes": [],
          "private": "eyJlMmJmYjczMC1lY2FhLTExZTYtOGY4OC0zNDM2M2JjN2M0YzAiOnsiY3JlYXRlIjo2MDAwMDAwMDAwMDAsImRlbGV0ZSI6OTAwMDAwMDAwMDAwfSwic2NoZW1hX3ZlcnNpb24iOiIxIn0=",
          "dependencies": [
            "aws_security_group.alb",
            "data.aws_vpc.default"
          ],
          "create_before_destroy": true
        }
      ]
    }
  ],
  "check_results": [
    {
      "object_kind": "var",
      "config_addr": "var.name_prefix",
      "status": "pass",
      "objects": [
        {
          "object_addr": "var.name_prefix",
          "status": "pass"
        }
      ]
    }
  ]
}
